
Microsoft Visual Studio Solution File, Format Version 12.00
# Visual Studio Version 17
VisualStudioVersion = 17.14.36518.9
MinimumVisualStudioVersion = 10.0.40219.1
Project("{FAE04EC0-301F-11D3-BF4B-00C04F79EFBC}") = "Money.Api", "Money\Money.Api.csproj", "{1D45AB48-E491-4AEA-B1AF-4209D3B754D3}"
EndProject
Project("{FAE04EC0-301F-11D3-BF4B-00C04F79EFBC}") = "Money.Tests", "Money.Tests\Money.Tests.csproj", "{6D0D48B9-05C9-451F-1499-CA34868F54D4}"
EndProject
Project("{FAE04EC0-301F-11D3-BF4B-00C04F79EFBC}") = "Money.Application", "Money.Application\Money.Application.csproj", "{C7E19DE5-6DD4-EB10-20E9-957FE23F3A7E}"
EndProject
Project("{FAE04EC0-301F-11D3-BF4B-00C04F79EFBC}") = "Money.Domain", "Money.Domain\Money.Domain.csproj", "{937F5265-EF25-D4FC-3207-CF962CB9B2DC}"
EndProject
Project("{FAE04EC0-301F-11D3-BF4B-00C04F79EFBC}") = "Money.Infrastructure", "Money.Infrastructure\Money.Infrastructure.csproj", "{66CB362B-5C3B-1293-86BF-EE6F67B0352F}"
EndProject
Global
	GlobalSection(SolutionConfigurationPlatforms) = preSolution
		Debug|Any CPU = Debug|Any CPU
		Debug|x64 = Debug|x64
		Debug|x86 = Debug|x86
		Release|Any CPU = Release|Any CPU
		Release|x64 = Release|x64
		Release|x86 = Release|x86
	EndGlobalSection
	GlobalSection(ProjectConfigurationPlatforms) = postSolution
		{1D45AB48-E491-4AEA-B1AF-4209D3B754D3}.Debug|Any CPU.ActiveCfg = Debug|Any CPU
		{1D45AB48-E491-4AEA-B1AF-4209D3B754D3}.Debug|Any CPU.Build.0 = Debug|Any CPU
		{1D45AB48-E491-4AEA-B1AF-4209D3B754D3}.Debug|x64.ActiveCfg = Debug|Any CPU
		{1D45AB48-E491-4AEA-B1AF-4209D3B754D3}.Debug|x64.Build.0 = Debug|Any CPU
		{1D45AB48-E491-4AEA-B1AF-4209D3B754D3}.Debug|x86.ActiveCfg = Debug|Any CPU
		{1D45AB48-E491-4AEA-B1AF-4209D3B754D3}.Debug|x86.Build.0 = Debug|Any CPU
		{1D45AB48-E491-4AEA-B1AF-4209D3B754D3}.Release|Any CPU.ActiveCfg = Release|Any CPU
		{1D45AB48-E491-4AEA-B1AF-4209D3B754D3}.Release|Any CPU.Build.0 = Release|Any CPU
		{1D45AB48-E491-4AEA-B1AF-4209D3B754D3}.Release|x64.ActiveCfg = Release|Any CPU
		{1D45AB48-E491-4AEA-B1AF-4209D3B754D3}.Release|x64.Build.0 = Release|Any CPU
		{1D45AB48-E491-4AEA-B1AF-4209D3B754D3}.Release|x86.ActiveCfg = Release|Any CPU
		{1D45AB48-E491-4AEA-B1AF-4209D3B754D3}.Release|x86.Build.0 = Release|Any CPU
		{6D0D48B9-05C9-451F-1499-CA34868F54D4}.Debug|Any CPU.ActiveCfg = Debug|Any CPU
		{6D0D48B9-05C9-451F-1499-CA34868F54D4}.Debug|Any CPU.Build.0 = Debug|Any CPU
		{6D0D48B9-05C9-451F-1499-CA34868F54D4}.Debug|x64.ActiveCfg = Debug|Any CPU
		{6D0D48B9-05C9-451F-1499-CA34868F54D4}.Debug|x64.Build.0 = Debug|Any CPU
		{6D0D48B9-05C9-451F-1499-CA34868F54D4}.Debug|x86.ActiveCfg = Debug|Any CPU
		{6D0D48B9-05C9-451F-1499-CA34868F54D4}.Debug|x86.Build.0 = Debug|Any CPU
		{6D0D48B9-05C9-451F-1499-CA34868F54D4}.Release|Any CPU.ActiveCfg = Release|Any CPU
		{6D0D48B9-05C9-451F-1499-CA34868F54D4}.Release|Any CPU.Build.0 = Release|Any CPU
		{6D0D48B9-05C9-451F-1499-CA34868F54D4}.Release|x64.ActiveCfg = Release|Any CPU
		{6D0D48B9-05C9-451F-1499-CA34868F54D4}.Release|x64.Build.0 = Release|Any CPU
		{6D0D48B9-05C9-451F-1499-CA34868F54D4}.Release|x86.ActiveCfg = Release|Any CPU
		{6D0D48B9-05C9-451F-1499-CA34868F54D4}.Release|x86.Build.0 = Release|Any CPU
		{C7E19DE5-6DD4-EB10-20E9-957FE23F3A7E}.Debug|Any CPU.ActiveCfg = Debug|Any CPU
		{C7E19DE5-6DD4-EB10-20E9-957FE23F3A7E}.Debug|Any CPU.Build.0 = Debug|Any CPU
		{C7E19DE5-6DD4-EB10-20E9-957FE23F3A7E}.Debug|x64.ActiveCfg = Debug|Any CPU
		{C7E19DE5-6DD4-EB10-20E9-957FE23F3A7E}.Debug|x64.Build.0 = Debug|Any CPU
		{C7E19DE5-6DD4-EB10-20E9-957FE23F3A7E}.Debug|x86.ActiveCfg = Debug|Any CPU
		{C7E19DE5-6DD4-EB10-20E9-957FE23F3A7E}.Debug|x86.Build.0 = Debug|Any CPU
		{C7E19DE5-6DD4-EB10-20E9-957FE23F3A7E}.Release|Any CPU.ActiveCfg = Release|Any CPU
		{C7E19DE5-6DD4-EB10-20E9-957FE23F3A7E}.Release|Any CPU.Build.0 = Release|Any CPU
		{C7E19DE5-6DD4-EB10-20E9-957FE23F3A7E}.Release|x64.ActiveCfg = Release|Any CPU
		{C7E19DE5-6DD4-EB10-20E9-957FE23F3A7E}.Release|x64.Build.0 = Release|Any CPU
		{C7E19DE5-6DD4-EB10-20E9-957FE23F3A7E}.Release|x86.ActiveCfg = Release|Any CPU
		{C7E19DE5-6DD4-EB10-20E9-957FE23F3A7E}.Release|x86.Build.0 = Release|Any CPU
		{937F5265-EF25-D4FC-3207-CF962CB9B2DC}.Debug|Any CPU.ActiveCfg = Debug|Any CPU
		{937F5265-EF25-D4FC-3207-CF962CB9B2DC}.Debug|Any CPU.Build.0 = Debug|Any CPU
		{937F5265-EF25-D4FC-3207-CF962CB9B2DC}.Debug|x64.ActiveCfg = Debug|Any CPU
		{937F5265-EF25-D4FC-3207-CF962CB9B2DC}.Debug|x64.Build.0 = Debug|Any CPU
		{937F5265-EF25-D4FC-3207-CF962CB9B2DC}.Debug|x86.ActiveCfg = Debug|Any CPU
		{937F5265-EF25-D4FC-3207-CF962CB9B2DC}.Debug|x86.Build.0 = Debug|Any CPU
		{937F5265-EF25-D4FC-3207-CF962CB9B2DC}.Release|Any CPU.ActiveCfg = Release|Any CPU
		{937F5265-EF25-D4FC-3207-CF962CB9B2DC}.Release|Any CPU.Build.0 = Release|Any CPU
		{937F5265-EF25-D4FC-3207-CF962CB9B2DC}.Release|x64.ActiveCfg = Release|Any CPU
		{937F5265-EF25-D4FC-3207-CF962CB9B2DC}.Release|x64.Build.0 = Release|Any CPU
		{937F5265-EF25-D4FC-3207-CF962CB9B2DC}.Release|x86.ActiveCfg = Release|Any CPU
		{937F5265-EF25-D4FC-3207-CF962CB9B2DC}.Release|x86.Build.0 = Release|Any CPU
		{66CB362B-5C3B-1293-86BF-EE6F67B0352F}.Debug|Any CPU.ActiveCfg = Debug|Any CPU
		{66CB362B-5C3B-1293-86BF-EE6F67B0352F}.Debug|Any CPU.Build.0 = Debug|Any CPU
		{66CB362B-5C3B-1293-86BF-EE6F67B0352F}.Debug|x64.ActiveCfg = Debug|Any CPU
		{66CB362B-5C3B-1293-86BF-EE6F67B0352F}.Debug|x64.Build.0 = Debug|Any CPU
		{66CB362B-5C3B-1293-86BF-EE6F67B0352F}.Debug|x86.ActiveCfg = Debug|Any CPU
		{66CB362B-5C3B-1293-86BF-EE6F67B0352F}.Debug|x86.Build.0 = Debug|Any CPU
		{66CB362B-5C3B-1293-86BF-EE6F67B0352F}.Release|Any CPU.ActiveCfg = Release|Any CPU
		{66CB362B-5C3B-1293-86BF-EE6F67B0352F}.Release|Any CPU.Build.0 = Release|Any CPU
		{66CB362B-5C3B-1293-86BF-EE6F67B0352F}.Release|x64.ActiveCfg = Release|Any CPU
		{66CB362B-5C3B-1293-86BF-EE6F67B0352F}.Release|x64.Build.0 = Release|Any CPU
		{66CB362B-5C3B-1293-86BF-EE6F67B0352F}.Release|x86.ActiveCfg = Release|Any CPU
		{66CB362B-5C3B-1293-86BF-EE6F67B0352F}.Release|x86.Build.0 = Release|Any CPU
	EndGlobalSection
	GlobalSection(SolutionProperties) = preSolution
		HideSolutionNode = FALSE
	EndGlobalSection
	GlobalSection(ExtensibilityGlobals) = postSolution
		SolutionGuid = {E8B94886-314E-42CE-BD34-5567C6FD661C}
	EndGlobalSection
EndGlobal
